# 导演工作台 — 依赖锁定文件（可复现安装）
# 由 venv-test (Python 3.13.0) 的 pip freeze 生成，涵盖运行时 + 测试依赖全部版本。
# CI 与生产构建用本文件安装，确保与本地开发环境完全一致。
# 更新方式：pip install -r requirements.txt -r requirements-dev.txt 后重新 pip freeze > requirements.lock
aiohappyeyeballs==2.7.1
aiohttp==3.14.3
aiosignal==1.4.0
annotated-doc==0.0.5
annotated-types==0.8.0
anyio==4.14.2
attrs==26.1.0
certifi==2026.7.22
click==8.4.2
colorama==0.4.6
distro==1.9.0
edge-tts==7.2.8
fastapi==0.141.1
frozenlist==1.8.0
h11==0.16.0
httpcore==1.0.9
httpcore2==2.11.0
httptools==0.8.0
httpx==0.28.1
httpx2==2.11.0
idna==3.18
iniconfig==2.3.0
jiter==0.16.0
multidict==6.7.1
numpy==2.5.2
openai==3.2.0
opencv-python==5.0.0.93
packaging==26.3
pillow==12.3.0
pluggy==1.6.0
propcache==0.5.2
psutil==7.2.2
pydantic==2.13.4
pydantic_core==2.46.4
Pygments==2.21.0
pytest==9.1.1
pytest-asyncio==1.4.0
python-dotenv==1.2.3
python-multipart==0.0.32
PyYAML==6.0.3
sniffio==1.3.1
starlette==1.6.0
tabulate==0.10.0
tqdm==4.70.0
truststore==0.10.4
typing_extensions==4.16.0
typing-inspection==0.4.4
uvicorn==0.52.3
watchfiles==1.2.0
websockets==17.0.1
yarl==1.24.5